
Microsoft Visual Studio Solution File, Format Version 12.00
# Visual Studio Version 16
VisualStudioVersion = 16.0.31702.278
MinimumVisualStudioVersion = 10.0.40219.1
Project("{FAE04EC0-301F-11D3-BF4B-00C04F79EFBC}") = "Lab1", "Lab1\Lab1.csproj", "{CAD061F2-6C5D-4A5C-8778-089CE5C7B066}"
EndProject
Global
	GlobalSection(SolutionConfigurationPlatforms) = preSolution
		Debug|Any CPU = Debug|Any CPU
		Release|Any CPU = Release|Any CPU
	EndGlobalSection
	GlobalSection(ProjectConfigurationPlatforms) = postSolution
		{CAD061F2-6C5D-4A5C-8778-089CE5C7B066}.Debug|Any CPU.ActiveCfg = Debug|Any CPU
		{CAD061F2-6C5D-4A5C-8778-089CE5C7B066}.Debug|Any CPU.Build.0 = Debug|Any CPU
		{CAD061F2-6C5D-4A5C-8778-089CE5C7B066}.Release|Any CPU.ActiveCfg = Release|Any CPU
		{CAD061F2-6C5D-4A5C-8778-089CE5C7B066}.Release|Any CPU.Build.0 = Release|Any CPU
	EndGlobalSection
	GlobalSection(SolutionProperties) = preSolution
		HideSolutionNode = FALSE
	EndGlobalSection
	GlobalSection(ExtensibilityGlobals) = postSolution
		SolutionGuid = {5AD187D7-A65C-408B-B4E5-12ECE4F63209}
	EndGlobalSection
EndGlobal
